<?xml version="1.0" encoding="UTF-8"?>
<CONFIG>
  <ProjectOptions>
    <Version Value="11"/>
    <PathDelim Value="\"/>
    <General>
      <SessionStorage Value="InProjectDir"/>
      <MainUnit Value="0"/>
      <Title Value="projectSezonci"/>
      <Scaled Value="True"/>
      <ResourceType Value="res"/>
      <UseXPManifest Value="True"/>
      <XPManifest>
        <DpiAware Value="True"/>
      </XPManifest>
      <Icon Value="0"/>
    </General>
    <BuildModes Count="1">
      <Item1 Name="Default" Default="True"/>
    </BuildModes>
    <PublishOptions>
      <Version Value="2"/>
      <UseFileFilters Value="True"/>
    </PublishOptions>
    <RunParams>
      <FormatVersion Value="2"/>
      <Modes Count="0"/>
    </RunParams>
    <RequiredPackages Count="10">
      <Item1>
        <PackageName Value="Printer4Lazarus"/>
      </Item1>
      <Item2>
        <PackageName Value="rx_LazReport"/>
      </Item2>
      <Item3>
        <PackageName Value="lazreport"/>
      </Item3>
      <Item4>
        <PackageName Value="zrptlaz"/>
      </Item4>
      <Item5>
        <PackageName Value="DateTimeCtrls"/>
      </Item5>
      <Item6>
        <PackageName Value="rxnew"/>
      </Item6>
      <Item7>
        <PackageName Value="zcomponent"/>
      </Item7>
      <Item8>
        <PackageName Value="FCL"/>
      </Item8>
      <Item9>
        <PackageName Value="cindy"/>
      </Item9>
      <Item10>
        <PackageName Value="LCL"/>
      </Item10>
    </RequiredPackages>
    <Units Count="11">
      <Unit0>
        <Filename Value="projectSezonci.lpr"/>
        <IsPartOfProject Value="True"/>
      </Unit0>
      <Unit1>
        <Filename Value="umain.pas"/>
        <IsPartOfProject Value="True"/>
        <ComponentName Value="fMain"/>
        <HasResources Value="True"/>
        <ResourceBaseClass Value="Form"/>
        <UnitName Value="uMain"/>
      </Unit1>
      <Unit2>
        <Filename Value="udrzave.pas"/>
        <IsPartOfProject Value="True"/>
        <ComponentName Value="fDrzave"/>
        <HasResources Value="True"/>
        <ResourceBaseClass Value="Form"/>
        <UnitName Value="uDrzave"/>
      </Unit2>
      <Unit3>
        <Filename Value="uopstine.pas"/>
        <IsPartOfProject Value="True"/>
        <ComponentName Value="fOpstine"/>
        <HasResources Value="True"/>
        <ResourceBaseClass Value="Form"/>
        <UnitName Value="uOpstine"/>
      </Unit3>
      <Unit4>
        <Filename Value="uradnici.pas"/>
        <IsPartOfProject Value="True"/>
        <ComponentName Value="fRadnici"/>
        <HasResources Value="True"/>
        <ResourceBaseClass Value="Form"/>
        <UnitName Value="uRadnici"/>
      </Unit4>
      <Unit5>
        <Filename Value="uconfig.pas"/>
        <IsPartOfProject Value="True"/>
        <ComponentName Value="fConfig"/>
        <HasResources Value="True"/>
        <ResourceBaseClass Value="Form"/>
        <UnitName Value="uConfig"/>
      </Unit5>
      <Unit6>
        <Filename Value="uobracuni.pas"/>
        <IsPartOfProject Value="True"/>
        <ComponentName Value="fObracuni"/>
        <HasResources Value="True"/>
        <ResourceBaseClass Value="Form"/>
        <UnitName Value="uObracuni"/>
      </Unit6>
      <Unit7>
        <Filename Value="uposlodavci.pas"/>
        <IsPartOfProject Value="True"/>
        <ComponentName Value="fPoslodavci"/>
        <HasResources Value="True"/>
        <ResourceBaseClass Value="Form"/>
        <UnitName Value="uPoslodavci"/>
      </Unit7>
      <Unit8>
        <Filename Value="uparametri.pas"/>
        <IsPartOfProject Value="True"/>
        <ComponentName Value="fParametri"/>
        <HasResources Value="True"/>
        <ResourceBaseClass Value="Form"/>
        <UnitName Value="uParametri"/>
      </Unit8>
      <Unit9>
        <Filename Value="uposlovi.pas"/>
        <IsPartOfProject Value="True"/>
        <ComponentName Value="fPoslovi"/>
        <HasResources Value="True"/>
        <ResourceBaseClass Value="Form"/>
        <UnitName Value="uPoslovi"/>
      </Unit9>
      <Unit10>
        <Filename Value="uisplista.pas"/>
        <IsPartOfProject Value="True"/>
        <ComponentName Value="Form1"/>
        <HasResources Value="True"/>
        <ResourceBaseClass Value="Form"/>
        <UnitName Value="uIspLista"/>
      </Unit10>
    </Units>
  </ProjectOptions>
  <CompilerOptions>
    <Version Value="11"/>
    <PathDelim Value="\"/>
    <Target>
      <Filename Value="projectSezonci"/>
    </Target>
    <SearchPaths>
      <IncludeFiles Value="$(ProjOutDir)"/>
      <UnitOutputDirectory Value="lib\$(TargetCPU)-$(TargetOS)"/>
    </SearchPaths>
    <CodeGeneration>
      <Optimizations>
        <OptimizationLevel Value="2"/>
      </Optimizations>
      <SmallerCode Value="True"/>
    </CodeGeneration>
    <Linking>
      <Debugging>
        <GenerateDebugInfo Value="False"/>
      </Debugging>
      <Options>
        <Win32>
          <GraphicApplication Value="True"/>
        </Win32>
      </Options>
    </Linking>
  </CompilerOptions>
  <Debugging>
    <Exceptions Count="3">
      <Item1>
        <Name Value="EAbort"/>
      </Item1>
      <Item2>
        <Name Value="ECodetoolError"/>
      </Item2>
      <Item3>
        <Name Value="EFOpenError"/>
      </Item3>
    </Exceptions>
  </Debugging>
</CONFIG>
